
Microsoft Visual Studio Solution File, Format Version 12.00
# Visual Studio Version 16
VisualStudioVersion = 16.0.31424.327
MinimumVisualStudioVersion = 10.0.40219.1
Project("{FAE04EC0-301F-11D3-BF4B-00C04F79EFBC}") = "Codecademy C Sharp Password Checker", "Codecademy C Sharp Password Checker\Codecademy C Sharp Password Checker.csproj", "{B1FE0E6C-0794-4A6C-AAB2-AB2EE22B5774}"
EndProject
Global
	GlobalSection(SolutionConfigurationPlatforms) = preSolution
		Debug|Any CPU = Debug|Any CPU
		Release|Any CPU = Release|Any CPU
	EndGlobalSection
	GlobalSection(ProjectConfigurationPlatforms) = postSolution
		{B1FE0E6C-0794-4A6C-AAB2-AB2EE22B5774}.Debug|Any CPU.ActiveCfg = Debug|Any CPU
		{B1FE0E6C-0794-4A6C-AAB2-AB2EE22B5774}.Debug|Any CPU.Build.0 = Debug|Any CPU
		{B1FE0E6C-0794-4A6C-AAB2-AB2EE22B5774}.Release|Any CPU.ActiveCfg = Release|Any CPU
		{B1FE0E6C-0794-4A6C-AAB2-AB2EE22B5774}.Release|Any CPU.Build.0 = Release|Any CPU
	EndGlobalSection
	GlobalSection(SolutionProperties) = preSolution
		HideSolutionNode = FALSE
	EndGlobalSection
	GlobalSection(ExtensibilityGlobals) = postSolution
		SolutionGuid = {83020811-FC63-47A6-8C64-560E883CD314}
	EndGlobalSection
EndGlobal
